
Microsoft Visual Studio Solution File, Format Version 12.00
Project("{2150E333-8FDC-42A3-9474-1A3956D46DE8}") = "Source", "Source", "{2BC065CC-2D6D-400F-98F7-3FC8DE693DD9}"
EndProject
Project("{2150E333-8FDC-42A3-9474-1A3956D46DE8}") = "Modules", "Modules", "{92F79A69-5872-4BB9-9B88-027D90F6A5CC}"
EndProject
Project("{2150E333-8FDC-42A3-9474-1A3956D46DE8}") = "Lending", "Lending", "{263F4EED-1394-44E2-8428-9DD702624DB2}"
EndProject
Project("{FAE04EC0-301F-11D3-BF4B-00C04F79EFBC}") = "Lending.Domain", "Source\Modules\Lending\Lending.Domain\Lending.Domain.csproj", "{5D5A65C9-9B08-4423-AB34-4C8C7B3C790C}"
EndProject
Project("{2150E333-8FDC-42A3-9474-1A3956D46DE8}") = "BuildingBlocks", "BuildingBlocks", "{6204FF91-E52A-4A9F-B2A8-118E30C68228}"
EndProject
Project("{FAE04EC0-301F-11D3-BF4B-00C04F79EFBC}") = "Blocks.Domain", "Source\BuildingBlocks\Blocks.Domain\Blocks.Domain.csproj", "{D8EC5F5A-2983-4D36-A378-F832C58B41AF}"
EndProject
Project("{FAE04EC0-301F-11D3-BF4B-00C04F79EFBC}") = "Blocks.EntityFramework", "Source\BuildingBlocks\Blocks.EntityFramework\Blocks.EntityFramework.csproj", "{13CC5897-6094-431E-9AE9-20CAB9522F76}"
EndProject
Project("{FAE04EC0-301F-11D3-BF4B-00C04F79EFBC}") = "Blocks.Application", "Source\BuildingBlocks\Blocks.Application\Blocks.Application.csproj", "{CA6E5264-FE0B-4D62-AFA1-6CA4B23E1AEB}"
EndProject
Project("{2150E333-8FDC-42A3-9474-1A3956D46DE8}") = "Tests", "Tests", "{48DB0BDD-BFC4-48D4-9B11-A2CAFE78CCBC}"
EndProject
Project("{2150E333-8FDC-42A3-9474-1A3956D46DE8}") = "Modules", "Modules", "{C33481B5-771C-40F3-B37B-165F41ADCEE6}"
EndProject
Project("{2150E333-8FDC-42A3-9474-1A3956D46DE8}") = "Lending", "Lending", "{24744394-FE2A-4B9C-B641-DF88925E6966}"
EndProject
Project("{FAE04EC0-301F-11D3-BF4B-00C04F79EFBC}") = "Lending.UnitTests", "Tests\Modules\Lending\Lending.UnitTests\Lending.UnitTests.csproj", "{EC24224E-597A-4D2B-A81F-EC0095525D92}"
EndProject
Project("{FAE04EC0-301F-11D3-BF4B-00C04F79EFBC}") = "Lending.Persistence", "Source\Modules\Lending\Lending.Persistence\Lending.Persistence.csproj", "{EF3912C0-EE7A-4B1B-841D-9C9151B3F70F}"
EndProject
Project("{2150E333-8FDC-42A3-9474-1A3956D46DE8}") = "Api", "Api", "{6171C4DE-4AB8-40C4-A7AD-3A1AE92CD728}"
EndProject
Project("{FAE04EC0-301F-11D3-BF4B-00C04F79EFBC}") = "PersonalLoans.Api", "Source\Api\PersonalLoans.Api\PersonalLoans.Api.csproj", "{F312A690-9F9F-4528-BC23-83B3CC9590E1}"
EndProject
Project("{FAE04EC0-301F-11D3-BF4B-00C04F79EFBC}") = "Lending.Presentation", "Source\Modules\Lending\Lending.Presentation\Lending.Presentation.csproj", "{410D6887-5BB3-458B-9483-A1A57A6B1F6A}"
EndProject
Project("{FAE04EC0-301F-11D3-BF4B-00C04F79EFBC}") = "Lending.Application", "Source\Modules\Lending\Lending.Application\Lending.Application.csproj", "{D472A1ED-B9F2-4BA4-8FDF-A0292EC7B20C}"
EndProject
Project("{2150E333-8FDC-42A3-9474-1A3956D46DE8}") = "Identity", "Identity", "{0F54117B-5DC2-4FF2-9ADC-17B546A2D4CF}"
EndProject
Project("{FAE04EC0-301F-11D3-BF4B-00C04F79EFBC}") = "Identity.Domain", "Source\Modules\Identity\Identity.Domain\Identity.Domain.csproj", "{F9E2DC68-9CA1-449D-A20B-C7EF24C61770}"
EndProject
Project("{FAE04EC0-301F-11D3-BF4B-00C04F79EFBC}") = "Identity.Application", "Source\Modules\Identity\Identity.Application\Identity.Application.csproj", "{3D666AAB-C8C2-4CB3-8C4C-3DEAB317734D}"
EndProject
Project("{FAE04EC0-301F-11D3-BF4B-00C04F79EFBC}") = "Identity.Persistence", "Source\Modules\Identity\Identity.Persistence\Identity.Persistence.csproj", "{A3ACD76E-F700-4A28-9F01-58D77663FB69}"
EndProject
Project("{FAE04EC0-301F-11D3-BF4B-00C04F79EFBC}") = "Identity.Presentation", "Source\Modules\Identity\Identity.Presentation\Identity.Presentation.csproj", "{91816E9C-AD5B-44B5-AF2E-E64F940964B5}"
EndProject
Project("{2150E333-8FDC-42A3-9474-1A3956D46DE8}") = "Accounts", "Accounts", "{5EF2F3FE-CFE2-40BD-9733-6E9833A65F36}"
EndProject
Project("{FAE04EC0-301F-11D3-BF4B-00C04F79EFBC}") = "Accounts.Domain", "Source\Modules\Accounts\Accounts.Domain\Accounts.Domain.csproj", "{1D002EDC-7438-45F1-BB94-61B7A27C9342}"
EndProject
Project("{FAE04EC0-301F-11D3-BF4B-00C04F79EFBC}") = "Accounts.Persistence", "Source\Modules\Accounts\Accounts.Persistence\Accounts.Persistence.csproj", "{BB87F99C-8860-4233-9D36-05475B9AB690}"
EndProject
Project("{FAE04EC0-301F-11D3-BF4B-00C04F79EFBC}") = "Accounts.Presentation", "Source\Modules\Accounts\Accounts.Presentation\Accounts.Presentation.csproj", "{B28E7C66-1BA8-4FA5-BBEE-F1FEE3E328AC}"
EndProject
Project("{FAE04EC0-301F-11D3-BF4B-00C04F79EFBC}") = "Blocks.IntegrationEvents", "Source\BuildingBlocks\Blocks.IntegrationEvents\Blocks.IntegrationEvents.csproj", "{CE2BAD42-36AE-4D52-8184-EA390FF0B413}"
EndProject
Global
	GlobalSection(SolutionConfigurationPlatforms) = preSolution
		Debug|Any CPU = Debug|Any CPU
		Release|Any CPU = Release|Any CPU
	EndGlobalSection
	GlobalSection(NestedProjects) = preSolution
		{92F79A69-5872-4BB9-9B88-027D90F6A5CC} = {2BC065CC-2D6D-400F-98F7-3FC8DE693DD9}
		{263F4EED-1394-44E2-8428-9DD702624DB2} = {92F79A69-5872-4BB9-9B88-027D90F6A5CC}
		{5D5A65C9-9B08-4423-AB34-4C8C7B3C790C} = {263F4EED-1394-44E2-8428-9DD702624DB2}
		{6204FF91-E52A-4A9F-B2A8-118E30C68228} = {2BC065CC-2D6D-400F-98F7-3FC8DE693DD9}
		{D8EC5F5A-2983-4D36-A378-F832C58B41AF} = {6204FF91-E52A-4A9F-B2A8-118E30C68228}
		{13CC5897-6094-431E-9AE9-20CAB9522F76} = {6204FF91-E52A-4A9F-B2A8-118E30C68228}
		{CA6E5264-FE0B-4D62-AFA1-6CA4B23E1AEB} = {6204FF91-E52A-4A9F-B2A8-118E30C68228}
		{C33481B5-771C-40F3-B37B-165F41ADCEE6} = {48DB0BDD-BFC4-48D4-9B11-A2CAFE78CCBC}
		{24744394-FE2A-4B9C-B641-DF88925E6966} = {C33481B5-771C-40F3-B37B-165F41ADCEE6}
		{EC24224E-597A-4D2B-A81F-EC0095525D92} = {24744394-FE2A-4B9C-B641-DF88925E6966}
		{EF3912C0-EE7A-4B1B-841D-9C9151B3F70F} = {263F4EED-1394-44E2-8428-9DD702624DB2}
		{6171C4DE-4AB8-40C4-A7AD-3A1AE92CD728} = {2BC065CC-2D6D-400F-98F7-3FC8DE693DD9}
		{F312A690-9F9F-4528-BC23-83B3CC9590E1} = {6171C4DE-4AB8-40C4-A7AD-3A1AE92CD728}
		{410D6887-5BB3-458B-9483-A1A57A6B1F6A} = {263F4EED-1394-44E2-8428-9DD702624DB2}
		{D472A1ED-B9F2-4BA4-8FDF-A0292EC7B20C} = {263F4EED-1394-44E2-8428-9DD702624DB2}
		{0F54117B-5DC2-4FF2-9ADC-17B546A2D4CF} = {92F79A69-5872-4BB9-9B88-027D90F6A5CC}
		{F9E2DC68-9CA1-449D-A20B-C7EF24C61770} = {0F54117B-5DC2-4FF2-9ADC-17B546A2D4CF}
		{3D666AAB-C8C2-4CB3-8C4C-3DEAB317734D} = {0F54117B-5DC2-4FF2-9ADC-17B546A2D4CF}
		{A3ACD76E-F700-4A28-9F01-58D77663FB69} = {0F54117B-5DC2-4FF2-9ADC-17B546A2D4CF}
		{91816E9C-AD5B-44B5-AF2E-E64F940964B5} = {0F54117B-5DC2-4FF2-9ADC-17B546A2D4CF}
		{5EF2F3FE-CFE2-40BD-9733-6E9833A65F36} = {92F79A69-5872-4BB9-9B88-027D90F6A5CC}
		{1D002EDC-7438-45F1-BB94-61B7A27C9342} = {5EF2F3FE-CFE2-40BD-9733-6E9833A65F36}
		{BB87F99C-8860-4233-9D36-05475B9AB690} = {5EF2F3FE-CFE2-40BD-9733-6E9833A65F36}
		{B28E7C66-1BA8-4FA5-BBEE-F1FEE3E328AC} = {5EF2F3FE-CFE2-40BD-9733-6E9833A65F36}
		{CE2BAD42-36AE-4D52-8184-EA390FF0B413} = {6204FF91-E52A-4A9F-B2A8-118E30C68228}
	EndGlobalSection
	GlobalSection(ProjectConfigurationPlatforms) = postSolution
		{5D5A65C9-9B08-4423-AB34-4C8C7B3C790C}.Debug|Any CPU.ActiveCfg = Debug|Any CPU
		{5D5A65C9-9B08-4423-AB34-4C8C7B3C790C}.Debug|Any CPU.Build.0 = Debug|Any CPU
		{5D5A65C9-9B08-4423-AB34-4C8C7B3C790C}.Release|Any CPU.ActiveCfg = Release|Any CPU
		{5D5A65C9-9B08-4423-AB34-4C8C7B3C790C}.Release|Any CPU.Build.0 = Release|Any CPU
		{D8EC5F5A-2983-4D36-A378-F832C58B41AF}.Debug|Any CPU.ActiveCfg = Debug|Any CPU
		{D8EC5F5A-2983-4D36-A378-F832C58B41AF}.Debug|Any CPU.Build.0 = Debug|Any CPU
		{D8EC5F5A-2983-4D36-A378-F832C58B41AF}.Release|Any CPU.ActiveCfg = Release|Any CPU
		{D8EC5F5A-2983-4D36-A378-F832C58B41AF}.Release|Any CPU.Build.0 = Release|Any CPU
		{13CC5897-6094-431E-9AE9-20CAB9522F76}.Debug|Any CPU.ActiveCfg = Debug|Any CPU
		{13CC5897-6094-431E-9AE9-20CAB9522F76}.Debug|Any CPU.Build.0 = Debug|Any CPU
		{13CC5897-6094-431E-9AE9-20CAB9522F76}.Release|Any CPU.ActiveCfg = Release|Any CPU
		{13CC5897-6094-431E-9AE9-20CAB9522F76}.Release|Any CPU.Build.0 = Release|Any CPU
		{CA6E5264-FE0B-4D62-AFA1-6CA4B23E1AEB}.Debug|Any CPU.ActiveCfg = Debug|Any CPU
		{CA6E5264-FE0B-4D62-AFA1-6CA4B23E1AEB}.Debug|Any CPU.Build.0 = Debug|Any CPU
		{CA6E5264-FE0B-4D62-AFA1-6CA4B23E1AEB}.Release|Any CPU.ActiveCfg = Release|Any CPU
		{CA6E5264-FE0B-4D62-AFA1-6CA4B23E1AEB}.Release|Any CPU.Build.0 = Release|Any CPU
		{EC24224E-597A-4D2B-A81F-EC0095525D92}.Debug|Any CPU.ActiveCfg = Debug|Any CPU
		{EC24224E-597A-4D2B-A81F-EC0095525D92}.Debug|Any CPU.Build.0 = Debug|Any CPU
		{EC24224E-597A-4D2B-A81F-EC0095525D92}.Release|Any CPU.ActiveCfg = Release|Any CPU
		{EC24224E-597A-4D2B-A81F-EC0095525D92}.Release|Any CPU.Build.0 = Release|Any CPU
		{EF3912C0-EE7A-4B1B-841D-9C9151B3F70F}.Debug|Any CPU.ActiveCfg = Debug|Any CPU
		{EF3912C0-EE7A-4B1B-841D-9C9151B3F70F}.Debug|Any CPU.Build.0 = Debug|Any CPU
		{EF3912C0-EE7A-4B1B-841D-9C9151B3F70F}.Release|Any CPU.ActiveCfg = Release|Any CPU
		{EF3912C0-EE7A-4B1B-841D-9C9151B3F70F}.Release|Any CPU.Build.0 = Release|Any CPU
		{F312A690-9F9F-4528-BC23-83B3CC9590E1}.Debug|Any CPU.ActiveCfg = Debug|Any CPU
		{F312A690-9F9F-4528-BC23-83B3CC9590E1}.Debug|Any CPU.Build.0 = Debug|Any CPU
		{F312A690-9F9F-4528-BC23-83B3CC9590E1}.Release|Any CPU.ActiveCfg = Release|Any CPU
		{F312A690-9F9F-4528-BC23-83B3CC9590E1}.Release|Any CPU.Build.0 = Release|Any CPU
		{410D6887-5BB3-458B-9483-A1A57A6B1F6A}.Debug|Any CPU.ActiveCfg = Debug|Any CPU
		{410D6887-5BB3-458B-9483-A1A57A6B1F6A}.Debug|Any CPU.Build.0 = Debug|Any CPU
		{410D6887-5BB3-458B-9483-A1A57A6B1F6A}.Release|Any CPU.ActiveCfg = Release|Any CPU
		{410D6887-5BB3-458B-9483-A1A57A6B1F6A}.Release|Any CPU.Build.0 = Release|Any CPU
		{D472A1ED-B9F2-4BA4-8FDF-A0292EC7B20C}.Debug|Any CPU.ActiveCfg = Debug|Any CPU
		{D472A1ED-B9F2-4BA4-8FDF-A0292EC7B20C}.Debug|Any CPU.Build.0 = Debug|Any CPU
		{D472A1ED-B9F2-4BA4-8FDF-A0292EC7B20C}.Release|Any CPU.ActiveCfg = Release|Any CPU
		{D472A1ED-B9F2-4BA4-8FDF-A0292EC7B20C}.Release|Any CPU.Build.0 = Release|Any CPU
		{F9E2DC68-9CA1-449D-A20B-C7EF24C61770}.Debug|Any CPU.ActiveCfg = Debug|Any CPU
		{F9E2DC68-9CA1-449D-A20B-C7EF24C61770}.Debug|Any CPU.Build.0 = Debug|Any CPU
		{F9E2DC68-9CA1-449D-A20B-C7EF24C61770}.Release|Any CPU.ActiveCfg = Release|Any CPU
		{F9E2DC68-9CA1-449D-A20B-C7EF24C61770}.Release|Any CPU.Build.0 = Release|Any CPU
		{3D666AAB-C8C2-4CB3-8C4C-3DEAB317734D}.Debug|Any CPU.ActiveCfg = Debug|Any CPU
		{3D666AAB-C8C2-4CB3-8C4C-3DEAB317734D}.Debug|Any CPU.Build.0 = Debug|Any CPU
		{3D666AAB-C8C2-4CB3-8C4C-3DEAB317734D}.Release|Any CPU.ActiveCfg = Release|Any CPU
		{3D666AAB-C8C2-4CB3-8C4C-3DEAB317734D}.Release|Any CPU.Build.0 = Release|Any CPU
		{A3ACD76E-F700-4A28-9F01-58D77663FB69}.Debug|Any CPU.ActiveCfg = Debug|Any CPU
		{A3ACD76E-F700-4A28-9F01-58D77663FB69}.Debug|Any CPU.Build.0 = Debug|Any CPU
		{A3ACD76E-F700-4A28-9F01-58D77663FB69}.Release|Any CPU.ActiveCfg = Release|Any CPU
		{A3ACD76E-F700-4A28-9F01-58D77663FB69}.Release|Any CPU.Build.0 = Release|Any CPU
		{91816E9C-AD5B-44B5-AF2E-E64F940964B5}.Debug|Any CPU.ActiveCfg = Debug|Any CPU
		{91816E9C-AD5B-44B5-AF2E-E64F940964B5}.Debug|Any CPU.Build.0 = Debug|Any CPU
		{91816E9C-AD5B-44B5-AF2E-E64F940964B5}.Release|Any CPU.ActiveCfg = Release|Any CPU
		{91816E9C-AD5B-44B5-AF2E-E64F940964B5}.Release|Any CPU.Build.0 = Release|Any CPU
		{1D002EDC-7438-45F1-BB94-61B7A27C9342}.Debug|Any CPU.ActiveCfg = Debug|Any CPU
		{1D002EDC-7438-45F1-BB94-61B7A27C9342}.Debug|Any CPU.Build.0 = Debug|Any CPU
		{1D002EDC-7438-45F1-BB94-61B7A27C9342}.Release|Any CPU.ActiveCfg = Release|Any CPU
		{1D002EDC-7438-45F1-BB94-61B7A27C9342}.Release|Any CPU.Build.0 = Release|Any CPU
		{BB87F99C-8860-4233-9D36-05475B9AB690}.Debug|Any CPU.ActiveCfg = Debug|Any CPU
		{BB87F99C-8860-4233-9D36-05475B9AB690}.Debug|Any CPU.Build.0 = Debug|Any CPU
		{BB87F99C-8860-4233-9D36-05475B9AB690}.Release|Any CPU.ActiveCfg = Release|Any CPU
		{BB87F99C-8860-4233-9D36-05475B9AB690}.Release|Any CPU.Build.0 = Release|Any CPU
		{B28E7C66-1BA8-4FA5-BBEE-F1FEE3E328AC}.Debug|Any CPU.ActiveCfg = Debug|Any CPU
		{B28E7C66-1BA8-4FA5-BBEE-F1FEE3E328AC}.Debug|Any CPU.Build.0 = Debug|Any CPU
		{B28E7C66-1BA8-4FA5-BBEE-F1FEE3E328AC}.Release|Any CPU.ActiveCfg = Release|Any CPU
		{B28E7C66-1BA8-4FA5-BBEE-F1FEE3E328AC}.Release|Any CPU.Build.0 = Release|Any CPU
		{CE2BAD42-36AE-4D52-8184-EA390FF0B413}.Debug|Any CPU.ActiveCfg = Debug|Any CPU
		{CE2BAD42-36AE-4D52-8184-EA390FF0B413}.Debug|Any CPU.Build.0 = Debug|Any CPU
		{CE2BAD42-36AE-4D52-8184-EA390FF0B413}.Release|Any CPU.ActiveCfg = Release|Any CPU
		{CE2BAD42-36AE-4D52-8184-EA390FF0B413}.Release|Any CPU.Build.0 = Release|Any CPU
	EndGlobalSection
EndGlobal
